
Microsoft Visual Studio Solution File, Format Version 12.00
# Visual Studio 15
VisualStudioVersion = 15.0.28307.1022
MinimumVisualStudioVersion = 10.0.40219.1
Project("{FAE04EC0-301F-11D3-BF4B-00C04F79EFBC}") = "WindowsFormsApp1", "WindowsFormsApp1\WindowsFormsApp1.csproj", "{7FAD0475-A924-47C2-8225-7FF2A5F5F00B}"
EndProject
Global
	GlobalSection(SolutionConfigurationPlatforms) = preSolution
		Debug|Any CPU = Debug|Any CPU
		Release|Any CPU = Release|Any CPU
	EndGlobalSection
	GlobalSection(ProjectConfigurationPlatforms) = postSolution
		{7FAD0475-A924-47C2-8225-7FF2A5F5F00B}.Debug|Any CPU.ActiveCfg = Debug|Any CPU
		{7FAD0475-A924-47C2-8225-7FF2A5F5F00B}.Debug|Any CPU.Build.0 = Debug|Any CPU
		{7FAD0475-A924-47C2-8225-7FF2A5F5F00B}.Release|Any CPU.ActiveCfg = Release|Any CPU
		{7FAD0475-A924-47C2-8225-7FF2A5F5F00B}.Release|Any CPU.Build.0 = Release|Any CPU
	EndGlobalSection
	GlobalSection(SolutionProperties) = preSolution
		HideSolutionNode = FALSE
	EndGlobalSection
	GlobalSection(ExtensibilityGlobals) = postSolution
		SolutionGuid = {63225CCF-CEFD-4DF2-B468-D98C0D8E54C2}
	EndGlobalSection
EndGlobal
